<?xml version="1.0" encoding="utf-8"?>
<Project ToolsVersion="4.0" xmlns="http://schemas.microsoft.com/developer/msbuild/2003">
  <ItemGroup>
    <Filter Include="Quelldateien">
      <UniqueIdentifier>{4FC737F1-C7A5-4376-A066-2A32D752A2FF}</UniqueIdentifier>
      <Extensions>cpp;c;cc;cxx;c++;cppm;ixx;def;odl;idl;hpj;bat;asm;asmx</Extensions>
    </Filter>
    <Filter Include="Headerdateien">
      <UniqueIdentifier>{93995380-89BD-4b04-88EB-625FBE52EBFB}</UniqueIdentifier>
      <Extensions>h;hh;hpp;hxx;h++;hm;inl;inc;ipp;xsd</Extensions>
    </Filter>
    <Filter Include="Ressourcendateien">
      <UniqueIdentifier>{67DA6AB6-F800-4c08-8B7A-83BB121AAD01}</UniqueIdentifier>
      <Extensions>rc;ico;cur;bmp;dlg;rc2;rct;bin;rgs;gif;jpg;jpeg;jpe;resx;tiff;tif;png;wav;mfcribbon-ms</Extensions>
    </Filter>
    <Filter Include="Headerdateien\Materials">
      <UniqueIdentifier>{682cd915-514e-4ed2-aab7-0e71ce9fa804}</UniqueIdentifier>
    </Filter>
    <Filter Include="Quelldateien\Materials">
      <UniqueIdentifier>{6cb03b48-6379-4f96-8568-8ccc50492192}</UniqueIdentifier>
    </Filter>
    <Filter Include="Headerdateien\Buildings">
      <UniqueIdentifier>{3b9a6fd2-db65-4db6-b30e-64afc452887e}</UniqueIdentifier>
    </Filter>
    <Filter Include="Quelldateien\Buildings">
      <UniqueIdentifier>{cb9faf1f-6a1c-4481-be80-395b6b5a60e1}</UniqueIdentifier>
    </Filter>
  </ItemGroup>
  <ItemGroup>
    <ClCompile Include="CapyCity.cpp">
      <Filter>Quelldateien</Filter>
    </ClCompile>
    <ClCompile Include="CapycitySim.cpp">
      <Filter>Quelldateien</Filter>
    </ClCompile>
    <ClCompile Include="Material.cpp">
      <Filter>Quelldateien\Materials</Filter>
    </ClCompile>
    <ClCompile Include="Metal.cpp">
      <Filter>Quelldateien\Materials</Filter>
    </ClCompile>
    <ClCompile Include="Plactic.cpp">
      <Filter>Quelldateien\Materials</Filter>
    </ClCompile>
    <ClCompile Include="Wood.cpp">
      <Filter>Quelldateien\Materials</Filter>
    </ClCompile>
    <ClCompile Include="Building.cpp">
      <Filter>Quelldateien\Buildings</Filter>
    </ClCompile>
    <ClCompile Include="Residential.cpp">
      <Filter>Quelldateien\Buildings</Filter>
    </ClCompile>
    <ClCompile Include="Windmill.cpp">
      <Filter>Quelldateien\Buildings</Filter>
    </ClCompile>
  </ItemGroup>
  <ItemGroup>
    <ClInclude Include="CapycitySim.h">
      <Filter>Headerdateien</Filter>
    </ClInclude>
    <ClInclude Include="Wood.h">
      <Filter>Headerdateien\Materials</Filter>
    </ClInclude>
    <ClInclude Include="Plactic.h">
      <Filter>Headerdateien\Materials</Filter>
    </ClInclude>
    <ClInclude Include="Metal.h">
      <Filter>Headerdateien\Materials</Filter>
    </ClInclude>
    <ClInclude Include="Material.h">
      <Filter>Headerdateien\Materials</Filter>
    </ClInclude>
    <ClInclude Include="Building.h">
      <Filter>Headerdateien\Buildings</Filter>
    </ClInclude>
    <ClInclude Include="Residential.h">
      <Filter>Headerdateien\Buildings</Filter>
    </ClInclude>
    <ClInclude Include="Windmill.h">
      <Filter>Headerdateien\Buildings</Filter>
    </ClInclude>
  </ItemGroup>
</Project>